
Microsoft Visual Studio Solution File, Format Version 12.00
# Visual Studio Version 16
VisualStudioVersion = 16.0.31112.23
MinimumVisualStudioVersion = 10.0.40219.1
Project("{FAE04EC0-301F-11D3-BF4B-00C04F79EFBC}") = "Game", "Game\Game.csproj", "{19C4C2CB-CBA0-4853-95E2-4D245B15AEBD}"
EndProject
Global
	GlobalSection(SolutionConfigurationPlatforms) = preSolution
		Debug|Any CPU = Debug|Any CPU
		Release|Any CPU = Release|Any CPU
	EndGlobalSection
	GlobalSection(ProjectConfigurationPlatforms) = postSolution
		{19C4C2CB-CBA0-4853-95E2-4D245B15AEBD}.Debug|Any CPU.ActiveCfg = Debug|Any CPU
		{19C4C2CB-CBA0-4853-95E2-4D245B15AEBD}.Debug|Any CPU.Build.0 = Debug|Any CPU
		{19C4C2CB-CBA0-4853-95E2-4D245B15AEBD}.Release|Any CPU.ActiveCfg = Release|Any CPU
		{19C4C2CB-CBA0-4853-95E2-4D245B15AEBD}.Release|Any CPU.Build.0 = Release|Any CPU
	EndGlobalSection
	GlobalSection(SolutionProperties) = preSolution
		HideSolutionNode = FALSE
	EndGlobalSection
	GlobalSection(ExtensibilityGlobals) = postSolution
		SolutionGuid = {4A85D4B8-DEA5-414C-B3CE-24CCD783A4A7}
	EndGlobalSection
EndGlobal
