
Microsoft Visual Studio Solution File, Format Version 12.00
# Visual Studio Version 16
VisualStudioVersion = 16.0.31112.23
MinimumVisualStudioVersion = 10.0.40219.1
Project("{FAE04EC0-301F-11D3-BF4B-00C04F79EFBC}") = "Game3", "Game3\Game3.csproj", "{A6DEC581-CA24-4B43-BB2E-462063D7796D}"
EndProject
Global
	GlobalSection(SolutionConfigurationPlatforms) = preSolution
		Debug|Any CPU = Debug|Any CPU
		Release|Any CPU = Release|Any CPU
	EndGlobalSection
	GlobalSection(ProjectConfigurationPlatforms) = postSolution
		{A6DEC581-CA24-4B43-BB2E-462063D7796D}.Debug|Any CPU.ActiveCfg = Debug|Any CPU
		{A6DEC581-CA24-4B43-BB2E-462063D7796D}.Debug|Any CPU.Build.0 = Debug|Any CPU
		{A6DEC581-CA24-4B43-BB2E-462063D7796D}.Release|Any CPU.ActiveCfg = Release|Any CPU
		{A6DEC581-CA24-4B43-BB2E-462063D7796D}.Release|Any CPU.Build.0 = Release|Any CPU
	EndGlobalSection
	GlobalSection(SolutionProperties) = preSolution
		HideSolutionNode = FALSE
	EndGlobalSection
	GlobalSection(ExtensibilityGlobals) = postSolution
		SolutionGuid = {289DEA67-1E32-4708-80AB-2354F3BCA662}
	EndGlobalSection
EndGlobal
